
Microsoft Visual Studio Solution File, Format Version 12.00
# Visual Studio 15
VisualStudioVersion = 15.0.28307.106
MinimumVisualStudioVersion = 10.0.40219.1
Project("{FAE04EC0-301F-11D3-BF4B-00C04F79EFBC}") = "Exercicios1", "Exercicios1\Exercicios1.csproj", "{17FFFE5E-E02D-4AF1-B79F-F5819FDB68A5}"
EndProject
Global
	GlobalSection(SolutionConfigurationPlatforms) = preSolution
		Debug|Any CPU = Debug|Any CPU
		Release|Any CPU = Release|Any CPU
	EndGlobalSection
	GlobalSection(ProjectConfigurationPlatforms) = postSolution
		{17FFFE5E-E02D-4AF1-B79F-F5819FDB68A5}.Debug|Any CPU.ActiveCfg = Debug|Any CPU
		{17FFFE5E-E02D-4AF1-B79F-F5819FDB68A5}.Debug|Any CPU.Build.0 = Debug|Any CPU
		{17FFFE5E-E02D-4AF1-B79F-F5819FDB68A5}.Release|Any CPU.ActiveCfg = Release|Any CPU
		{17FFFE5E-E02D-4AF1-B79F-F5819FDB68A5}.Release|Any CPU.Build.0 = Release|Any CPU
	EndGlobalSection
	GlobalSection(SolutionProperties) = preSolution
		HideSolutionNode = FALSE
	EndGlobalSection
	GlobalSection(ExtensibilityGlobals) = postSolution
		SolutionGuid = {9514248A-9C1E-42AE-A03A-B01BBCE05E95}
	EndGlobalSection
EndGlobal
