
Microsoft Visual Studio Solution File, Format Version 12.00
# Visual Studio 15
VisualStudioVersion = 15.0.28307.572
MinimumVisualStudioVersion = 10.0.40219.1
Project("{FAE04EC0-301F-11D3-BF4B-00C04F79EFBC}") = "Xadrez-Console", "Xadrez-Console\Xadrez-Console.csproj", "{CF20D88F-D0C3-4795-8426-73D1383F3F8B}"
EndProject
Global
	GlobalSection(SolutionConfigurationPlatforms) = preSolution
		Debug|Any CPU = Debug|Any CPU
		Release|Any CPU = Release|Any CPU
	EndGlobalSection
	GlobalSection(ProjectConfigurationPlatforms) = postSolution
		{CF20D88F-D0C3-4795-8426-73D1383F3F8B}.Debug|Any CPU.ActiveCfg = Debug|Any CPU
		{CF20D88F-D0C3-4795-8426-73D1383F3F8B}.Debug|Any CPU.Build.0 = Debug|Any CPU
		{CF20D88F-D0C3-4795-8426-73D1383F3F8B}.Release|Any CPU.ActiveCfg = Release|Any CPU
		{CF20D88F-D0C3-4795-8426-73D1383F3F8B}.Release|Any CPU.Build.0 = Release|Any CPU
	EndGlobalSection
	GlobalSection(SolutionProperties) = preSolution
		HideSolutionNode = FALSE
	EndGlobalSection
	GlobalSection(ExtensibilityGlobals) = postSolution
		SolutionGuid = {ED87C3BF-0BC8-4DB0-B139-ED2847DA38FF}
	EndGlobalSection
EndGlobal
