
Microsoft Visual Studio Solution File, Format Version 12.00
# Visual Studio 15
VisualStudioVersion = 15.0.27703.2026
MinimumVisualStudioVersion = 10.0.40219.1
Project("{FAE04EC0-301F-11D3-BF4B-00C04F79EFBC}") = "ConversorMoeda", "ConversorMoeda\ConversorMoeda.csproj", "{F174059D-EB7B-4FDF-980C-2BDB38E57383}"
EndProject
Global
	GlobalSection(SolutionConfigurationPlatforms) = preSolution
		Debug|Any CPU = Debug|Any CPU
		Release|Any CPU = Release|Any CPU
	EndGlobalSection
	GlobalSection(ProjectConfigurationPlatforms) = postSolution
		{F174059D-EB7B-4FDF-980C-2BDB38E57383}.Debug|Any CPU.ActiveCfg = Debug|Any CPU
		{F174059D-EB7B-4FDF-980C-2BDB38E57383}.Debug|Any CPU.Build.0 = Debug|Any CPU
		{F174059D-EB7B-4FDF-980C-2BDB38E57383}.Release|Any CPU.ActiveCfg = Release|Any CPU
		{F174059D-EB7B-4FDF-980C-2BDB38E57383}.Release|Any CPU.Build.0 = Release|Any CPU
	EndGlobalSection
	GlobalSection(SolutionProperties) = preSolution
		HideSolutionNode = FALSE
	EndGlobalSection
	GlobalSection(ExtensibilityGlobals) = postSolution
		SolutionGuid = {1187440C-F2F3-4E7D-AA89-7A8EF65A9838}
	EndGlobalSection
EndGlobal
