
Microsoft Visual Studio Solution File, Format Version 12.00
# Visual Studio 15
VisualStudioVersion = 15.0.27703.2026
MinimumVisualStudioVersion = 10.0.40219.1
Project("{FAE04EC0-301F-11D3-BF4B-00C04F79EFBC}") = "ConceitosdeListas", "ConceitosdeListas\ConceitosdeListas.csproj", "{34CFE323-FD42-48D9-BAD5-F9221561BF07}"
EndProject
Global
	GlobalSection(SolutionConfigurationPlatforms) = preSolution
		Debug|Any CPU = Debug|Any CPU
		Release|Any CPU = Release|Any CPU
	EndGlobalSection
	GlobalSection(ProjectConfigurationPlatforms) = postSolution
		{34CFE323-FD42-48D9-BAD5-F9221561BF07}.Debug|Any CPU.ActiveCfg = Debug|Any CPU
		{34CFE323-FD42-48D9-BAD5-F9221561BF07}.Debug|Any CPU.Build.0 = Debug|Any CPU
		{34CFE323-FD42-48D9-BAD5-F9221561BF07}.Release|Any CPU.ActiveCfg = Release|Any CPU
		{34CFE323-FD42-48D9-BAD5-F9221561BF07}.Release|Any CPU.Build.0 = Release|Any CPU
	EndGlobalSection
	GlobalSection(SolutionProperties) = preSolution
		HideSolutionNode = FALSE
	EndGlobalSection
	GlobalSection(ExtensibilityGlobals) = postSolution
		SolutionGuid = {061CC6C3-6672-4E81-8215-21DEBCAAD123}
	EndGlobalSection
EndGlobal
