
Microsoft Visual Studio Solution File, Format Version 12.00
# Visual Studio 15
VisualStudioVersion = 15.0.28307.539
MinimumVisualStudioVersion = 10.0.40219.1
Project("{FAE04EC0-301F-11D3-BF4B-00C04F79EFBC}") = "IntroducaoDelegate", "IntroducaoDelegate\IntroducaoDelegate.csproj", "{0FA703EF-995F-40F0-BA30-31E2D7B0655A}"
EndProject
Global
	GlobalSection(SolutionConfigurationPlatforms) = preSolution
		Debug|Any CPU = Debug|Any CPU
		Release|Any CPU = Release|Any CPU
	EndGlobalSection
	GlobalSection(ProjectConfigurationPlatforms) = postSolution
		{0FA703EF-995F-40F0-BA30-31E2D7B0655A}.Debug|Any CPU.ActiveCfg = Debug|Any CPU
		{0FA703EF-995F-40F0-BA30-31E2D7B0655A}.Debug|Any CPU.Build.0 = Debug|Any CPU
		{0FA703EF-995F-40F0-BA30-31E2D7B0655A}.Release|Any CPU.ActiveCfg = Release|Any CPU
		{0FA703EF-995F-40F0-BA30-31E2D7B0655A}.Release|Any CPU.Build.0 = Release|Any CPU
	EndGlobalSection
	GlobalSection(SolutionProperties) = preSolution
		HideSolutionNode = FALSE
	EndGlobalSection
	GlobalSection(ExtensibilityGlobals) = postSolution
		SolutionGuid = {C088FA4A-DE2B-461B-AD7E-90E12668498F}
	EndGlobalSection
EndGlobal
