
Microsoft Visual Studio Solution File, Format Version 12.00
# Visual Studio 15
VisualStudioVersion = 15.0.28307.106
MinimumVisualStudioVersion = 10.0.40219.1
Project("{FAE04EC0-301F-11D3-BF4B-00C04F79EFBC}") = "Exercícios While", "Exercícios While\Exercícios While.csproj", "{86DEFC49-BB12-4185-94E5-5F35CE09968D}"
EndProject
Global
	GlobalSection(SolutionConfigurationPlatforms) = preSolution
		Debug|Any CPU = Debug|Any CPU
		Release|Any CPU = Release|Any CPU
	EndGlobalSection
	GlobalSection(ProjectConfigurationPlatforms) = postSolution
		{86DEFC49-BB12-4185-94E5-5F35CE09968D}.Debug|Any CPU.ActiveCfg = Debug|Any CPU
		{86DEFC49-BB12-4185-94E5-5F35CE09968D}.Debug|Any CPU.Build.0 = Debug|Any CPU
		{86DEFC49-BB12-4185-94E5-5F35CE09968D}.Release|Any CPU.ActiveCfg = Release|Any CPU
		{86DEFC49-BB12-4185-94E5-5F35CE09968D}.Release|Any CPU.Build.0 = Release|Any CPU
	EndGlobalSection
	GlobalSection(SolutionProperties) = preSolution
		HideSolutionNode = FALSE
	EndGlobalSection
	GlobalSection(ExtensibilityGlobals) = postSolution
		SolutionGuid = {62D228AB-58D4-4769-9251-8E6123A33041}
	EndGlobalSection
EndGlobal
