
Microsoft Visual Studio Solution File, Format Version 12.00
# Visual Studio 15
VisualStudioVersion = 15.0.28307.106
MinimumVisualStudioVersion = 10.0.40219.1
Project("{FAE04EC0-301F-11D3-BF4B-00C04F79EFBC}") = "Exercício classes", "Exercício classes\Exercício classes.csproj", "{094BE916-5E6C-4D97-9A23-C1E504753513}"
EndProject
Global
	GlobalSection(SolutionConfigurationPlatforms) = preSolution
		Debug|Any CPU = Debug|Any CPU
		Release|Any CPU = Release|Any CPU
	EndGlobalSection
	GlobalSection(ProjectConfigurationPlatforms) = postSolution
		{094BE916-5E6C-4D97-9A23-C1E504753513}.Debug|Any CPU.ActiveCfg = Debug|Any CPU
		{094BE916-5E6C-4D97-9A23-C1E504753513}.Debug|Any CPU.Build.0 = Debug|Any CPU
		{094BE916-5E6C-4D97-9A23-C1E504753513}.Release|Any CPU.ActiveCfg = Release|Any CPU
		{094BE916-5E6C-4D97-9A23-C1E504753513}.Release|Any CPU.Build.0 = Release|Any CPU
	EndGlobalSection
	GlobalSection(SolutionProperties) = preSolution
		HideSolutionNode = FALSE
	EndGlobalSection
	GlobalSection(ExtensibilityGlobals) = postSolution
		SolutionGuid = {C4211EB8-18C7-416C-9D6A-561E6DA181DD}
	EndGlobalSection
EndGlobal
