
Microsoft Visual Studio Solution File, Format Version 12.00
# Visual Studio 15
VisualStudioVersion = 15.0.27703.2026
MinimumVisualStudioVersion = 10.0.40219.1
Project("{FAE04EC0-301F-11D3-BF4B-00C04F79EFBC}") = "Vetor1", "Vetor1\Vetor1.csproj", "{91376842-6BA1-4230-98F1-29859B0CFF71}"
EndProject
Global
	GlobalSection(SolutionConfigurationPlatforms) = preSolution
		Debug|Any CPU = Debug|Any CPU
		Release|Any CPU = Release|Any CPU
	EndGlobalSection
	GlobalSection(ProjectConfigurationPlatforms) = postSolution
		{91376842-6BA1-4230-98F1-29859B0CFF71}.Debug|Any CPU.ActiveCfg = Debug|Any CPU
		{91376842-6BA1-4230-98F1-29859B0CFF71}.Debug|Any CPU.Build.0 = Debug|Any CPU
		{91376842-6BA1-4230-98F1-29859B0CFF71}.Release|Any CPU.ActiveCfg = Release|Any CPU
		{91376842-6BA1-4230-98F1-29859B0CFF71}.Release|Any CPU.Build.0 = Release|Any CPU
	EndGlobalSection
	GlobalSection(SolutionProperties) = preSolution
		HideSolutionNode = FALSE
	EndGlobalSection
	GlobalSection(ExtensibilityGlobals) = postSolution
		SolutionGuid = {1D62386D-57FA-4DD6-9844-88DF47007D6C}
	EndGlobalSection
EndGlobal
